
Microsoft Visual Studio Solution File, Format Version 12.00
# Visual Studio Version 16
VisualStudioVersion = 16.0.31911.196
MinimumVisualStudioVersion = 10.0.40219.1
Project("{FAE04EC0-301F-11D3-BF4B-00C04F79EFBC}") = "GuessTheWord", "GuessTheWord.csproj", "{EEEF2B84-D8C4-4EE4-A8E7-1D6BE519C463}"
EndProject
Global
	GlobalSection(SolutionConfigurationPlatforms) = preSolution
		Debug|Any CPU = Debug|Any CPU
		Release|Any CPU = Release|Any CPU
	EndGlobalSection
	GlobalSection(ProjectConfigurationPlatforms) = postSolution
		{EEEF2B84-D8C4-4EE4-A8E7-1D6BE519C463}.Debug|Any CPU.ActiveCfg = Debug|Any CPU
		{EEEF2B84-D8C4-4EE4-A8E7-1D6BE519C463}.Debug|Any CPU.Build.0 = Debug|Any CPU
		{EEEF2B84-D8C4-4EE4-A8E7-1D6BE519C463}.Release|Any CPU.ActiveCfg = Release|Any CPU
		{EEEF2B84-D8C4-4EE4-A8E7-1D6BE519C463}.Release|Any CPU.Build.0 = Release|Any CPU
	EndGlobalSection
	GlobalSection(SolutionProperties) = preSolution
		HideSolutionNode = FALSE
	EndGlobalSection
	GlobalSection(ExtensibilityGlobals) = postSolution
		SolutionGuid = {5976F2C4-89F5-402C-BDA7-92EB483D6CEF}
	EndGlobalSection
EndGlobal
